
Microsoft Visual Studio Solution File, Format Version 12.00
# Visual Studio Version 17
VisualStudioVersion = 17.3.32922.545
MinimumVisualStudioVersion = 10.0.40219.1
Project("{FAE04EC0-301F-11D3-BF4B-00C04F79EFBC}") = "PizzeriaApp", "PizzeriaApp\PizzeriaApp.csproj", "{3F46EE03-0065-47E8-A43E-FC0A4D8D1083}"
EndProject
Global
	GlobalSection(SolutionConfigurationPlatforms) = preSolution
		Debug|Any CPU = Debug|Any CPU
		Release|Any CPU = Release|Any CPU
	EndGlobalSection
	GlobalSection(ProjectConfigurationPlatforms) = postSolution
		{3F46EE03-0065-47E8-A43E-FC0A4D8D1083}.Debug|Any CPU.ActiveCfg = Debug|Any CPU
		{3F46EE03-0065-47E8-A43E-FC0A4D8D1083}.Debug|Any CPU.Build.0 = Debug|Any CPU
		{3F46EE03-0065-47E8-A43E-FC0A4D8D1083}.Release|Any CPU.ActiveCfg = Release|Any CPU
		{3F46EE03-0065-47E8-A43E-FC0A4D8D1083}.Release|Any CPU.Build.0 = Release|Any CPU
	EndGlobalSection
	GlobalSection(SolutionProperties) = preSolution
		HideSolutionNode = FALSE
	EndGlobalSection
	GlobalSection(ExtensibilityGlobals) = postSolution
		SolutionGuid = {EA323BB6-A2A8-4413-9EF7-97FB6B353D55}
	EndGlobalSection
EndGlobal
